
Microsoft Visual Studio Solution File, Format Version 12.00
Project("{FAE04EC0-301F-11D3-BF4B-00C04F79EFBC}") = "EasyService", "EasyService\EasyService.csproj", "{8DD8DEA2-8A50-4BFB-8434-EF5CC5C069C7}"
EndProject
Project("{FAE04EC0-301F-11D3-BF4B-00C04F79EFBC}") = "EasyApiService", "EasyApiService\EasyApiService.csproj", "{C7E6A929-F2D5-47F0-99EC-5665B0802812}"
EndProject
Project("{FAE04EC0-301F-11D3-BF4B-00C04F79EFBC}") = "CoreBussiness", "CoreBussiness\CoreBussiness.csproj", "{071AC754-3910-43B5-BB10-6EB03E1ED67E}"
EndProject
Project("{FAE04EC0-301F-11D3-BF4B-00C04F79EFBC}") = "CoreStrorage", "CoreStrorage\CoreStrorage.csproj", "{7E081752-41F2-4BB0-B1DA-C34ECDF3723E}"
EndProject
Project("{FAE04EC0-301F-11D3-BF4B-00C04F79EFBC}") = "CoreApplication", "CoreApplication\CoreApplication.csproj", "{4CB878C2-F68E-4958-A84D-3E2FFA00FC32}"
EndProject
Project("{FAE04EC0-301F-11D3-BF4B-00C04F79EFBC}") = "CoreStructure", "CoreStructure\CoreStructure.csproj", "{E5D6D037-72B8-4E30-9EC3-FD7B3B9AD16A}"
EndProject
Global
	GlobalSection(SolutionConfigurationPlatforms) = preSolution
		Debug|Any CPU = Debug|Any CPU
		Release|Any CPU = Release|Any CPU
	EndGlobalSection
	GlobalSection(ProjectConfigurationPlatforms) = postSolution
		{8DD8DEA2-8A50-4BFB-8434-EF5CC5C069C7}.Debug|Any CPU.ActiveCfg = Debug|Any CPU
		{8DD8DEA2-8A50-4BFB-8434-EF5CC5C069C7}.Debug|Any CPU.Build.0 = Debug|Any CPU
		{8DD8DEA2-8A50-4BFB-8434-EF5CC5C069C7}.Release|Any CPU.ActiveCfg = Release|Any CPU
		{8DD8DEA2-8A50-4BFB-8434-EF5CC5C069C7}.Release|Any CPU.Build.0 = Release|Any CPU
		{C7E6A929-F2D5-47F0-99EC-5665B0802812}.Debug|Any CPU.ActiveCfg = Debug|Any CPU
		{C7E6A929-F2D5-47F0-99EC-5665B0802812}.Debug|Any CPU.Build.0 = Debug|Any CPU
		{C7E6A929-F2D5-47F0-99EC-5665B0802812}.Release|Any CPU.ActiveCfg = Release|Any CPU
		{C7E6A929-F2D5-47F0-99EC-5665B0802812}.Release|Any CPU.Build.0 = Release|Any CPU
		{071AC754-3910-43B5-BB10-6EB03E1ED67E}.Debug|Any CPU.ActiveCfg = Debug|Any CPU
		{071AC754-3910-43B5-BB10-6EB03E1ED67E}.Debug|Any CPU.Build.0 = Debug|Any CPU
		{071AC754-3910-43B5-BB10-6EB03E1ED67E}.Release|Any CPU.ActiveCfg = Release|Any CPU
		{071AC754-3910-43B5-BB10-6EB03E1ED67E}.Release|Any CPU.Build.0 = Release|Any CPU
		{7E081752-41F2-4BB0-B1DA-C34ECDF3723E}.Debug|Any CPU.ActiveCfg = Debug|Any CPU
		{7E081752-41F2-4BB0-B1DA-C34ECDF3723E}.Debug|Any CPU.Build.0 = Debug|Any CPU
		{7E081752-41F2-4BB0-B1DA-C34ECDF3723E}.Release|Any CPU.ActiveCfg = Release|Any CPU
		{7E081752-41F2-4BB0-B1DA-C34ECDF3723E}.Release|Any CPU.Build.0 = Release|Any CPU
		{4CB878C2-F68E-4958-A84D-3E2FFA00FC32}.Debug|Any CPU.ActiveCfg = Debug|Any CPU
		{4CB878C2-F68E-4958-A84D-3E2FFA00FC32}.Debug|Any CPU.Build.0 = Debug|Any CPU
		{4CB878C2-F68E-4958-A84D-3E2FFA00FC32}.Release|Any CPU.ActiveCfg = Release|Any CPU
		{4CB878C2-F68E-4958-A84D-3E2FFA00FC32}.Release|Any CPU.Build.0 = Release|Any CPU
		{E5D6D037-72B8-4E30-9EC3-FD7B3B9AD16A}.Debug|Any CPU.ActiveCfg = Debug|Any CPU
		{E5D6D037-72B8-4E30-9EC3-FD7B3B9AD16A}.Debug|Any CPU.Build.0 = Debug|Any CPU
		{E5D6D037-72B8-4E30-9EC3-FD7B3B9AD16A}.Release|Any CPU.ActiveCfg = Release|Any CPU
		{E5D6D037-72B8-4E30-9EC3-FD7B3B9AD16A}.Release|Any CPU.Build.0 = Release|Any CPU
	EndGlobalSection
EndGlobal
